{
  "nodes": {
    "cpp-template": {
      "inputs": {
        "nixpkgs": [
          "nixpkgs"
        ],
        "systems": [
          "systems"
        ],
        "trevpkgs": [
          "trevpkgs"
        ]
      },
      "locked": {
        "lastModified": 1791108088,
        "narHash": "sha256-78h96w3mokEiy8cPeAXan5OoIeALKmvG3NTVvpWYL6E=",
        "owner": "spotdemo4",
        "repo": "cpp-template",
        "rev": "4236d2740b02f935fc3f95cc76f49ff739165fa2",
        "type": "github"
      },
      "original": {
        "owner": "spotdemo4",
        "repo": "cpp-template",
        "rev": "4236d2740b02f935fc3f95cc76f49ff739165fa2",
        "type": "github"
      }
    },
    "gleam-template": {
      "inputs": {
        "nixpkgs": [
          "nixpkgs"
        ],
        "systems": [
          "systems"
        ],
        "trevpkgs": [
          "trevpkgs"
        ]
      },
      "locked": {
        "lastModified": 1791108343,
        "narHash": "sha256-aESk5Y9rkdUA3reYwc08CD6lfpXvooiZJrzJMY7ALTM=",
        "owner": "spotdemo4",
        "repo": "gleam-template",
        "rev": "e0159278acb8038db8baf12a094db62661ca147d",
        "type": "github"
      },
      "original": {
        "owner": "spotdemo4",
        "repo": "gleam-template",
        "rev": "e0159278acb8038db8baf12a094db62661ca147d",
        "type": "github"
      }
    },
    "go-template": {
      "inputs": {
        "nixpkgs": [
          "nixpkgs"
        ],
        "systems": [
          "systems"
        ],
        "trevpkgs": [
          "trevpkgs"
        ]
      },
      "locked": {
        "lastModified": 1791108708,
        "narHash": "sha256-zUqWMh6rPD0NQ0nU1CrX5Y09o9WMdXqF0M64+/0Ukbg=",
        "owner": "spotdemo4",
        "repo": "go-template",
        "rev": "ba56d440f831dcb0b0a09bf2789d245568d2bb4f",
        "type": "github"
      },
      "original": {
        "owner": "spotdemo4",
        "repo": "go-template",
        "rev": "ba56d440f831dcb0b0a09bf2789d245568d2bb4f",
        "type": "github"
      }
    },
    "nixpkgs": {
      "locked": {
        "lastModified": 1790480522,
        "narHash": "sha256-fXrm/q9klVBtVq5rGQ+XpI/dokPuSB15ZK2CZvWxXOk=",
        "owner": "nixos",
        "repo": "nixpkgs",
        "rev": "8d5d270900d3fc75655ea2d9d248b234f6631439",
        "type": "github"
      },
      "original": {
        "owner": "nixos",
        "ref": "nixpkgs-unstable",
        "repo": "nixpkgs",
        "type": "github"
      }
    },
    "node-template": {
      "inputs": {
        "nixpkgs": [
          "nixpkgs"
        ],
        "systems": [
          "systems"
        ],
        "trevpkgs": [
          "trevpkgs"
        ]
      },
      "locked": {
        "lastModified": 1791108014,
        "narHash": "sha256-tnSZxzzGeu4s5IMtrE6EcbXhYPLkqtNWqY2bgwRxoiU=",
        "owner": "spotdemo4",
        "repo": "node-template",
        "rev": "edefae99b8c8bf7e465173e23dd06d3f8e019495",
        "type": "github"
      },
      "original": {
        "owner": "spotdemo4",
        "repo": "node-template",
        "rev": "edefae99b8c8bf7e465173e23dd06d3f8e019495",
        "type": "github"
      }
    },
    "python-template": {
      "inputs": {
        "nixpkgs": [
          "nixpkgs"
        ],
        "systems": [
          "systems"
        ],
        "trevpkgs": [
          "trevpkgs"
        ]
      },
      "locked": {
        "lastModified": 1791108179,
        "narHash": "sha256-7djMtQS0M32PEqQRzgRd+GqCiH+7Etbq9zmMQQEFlbM=",
        "owner": "spotdemo4",
        "repo": "python-template",
        "rev": "436794af2fe1b83d3ea9ce66bcf2dd86771d8d3b",
        "type": "github"
      },
      "original": {
        "owner": "spotdemo4",
        "repo": "python-template",
        "rev": "436794af2fe1b83d3ea9ce66bcf2dd86771d8d3b",
        "type": "github"
      }
    },
    "root": {
      "inputs": {
        "cpp-template": "cpp-template",
        "gleam-template": "gleam-template",
        "go-template": "go-template",
        "nixpkgs": "nixpkgs",
        "node-template": "node-template",
        "python-template": "python-template",
        "rust-template": "rust-template",
        "systems": "systems",
        "template": "template",
        "trevpkgs": "trevpkgs",
        "zig-template": "zig-template"
      }
    },
    "rust-template": {
      "inputs": {
        "nixpkgs": [
          "nixpkgs"
        ],
        "systems": [
          "systems"
        ],
        "trevpkgs": [
          "trevpkgs"
        ]
      },
      "locked": {
        "lastModified": 1791108457,
        "narHash": "sha256-7hJxCaH70lpcMbGXnL09KxE4Coj4kgJQthLur/fsdiU=",
        "owner": "spotdemo4",
        "repo": "rust-template",
        "rev": "8e4c1ae425be63d974f0d3de3188d837226c367b",
        "type": "github"
      },
      "original": {
        "owner": "spotdemo4",
        "repo": "rust-template",
        "rev": "8e4c1ae425be63d974f0d3de3188d837226c367b",
        "type": "github"
      }
    },
    "schema": {
      "locked": {
        "lastModified": 1780327564,
        "narHash": "sha256-HiRPtA0spK+Dkgbhz/1zW9glXxNVB+L4Rj2VYmdawb8=",
        "owner": "DeterminateSystems",
        "repo": "flake-schemas",
        "rev": "6cc9bd98891b1fc6bb2b8cb3277df8bc72799ca6",
        "type": "github"
      },
      "original": {
        "owner": "DeterminateSystems",
        "repo": "flake-schemas",
        "type": "github"
      }
    },
    "systems": {
      "locked": {
        "lastModified": 1774907047,
        "narHash": "sha256-dhGYA99iXafW9QblBWbh5mggjbdJt0SZO8vzuL0XvKo=",
        "owner": "spotdemo4",
        "repo": "systems",
        "rev": "7759b373a7b0119835939988964a9b49bc3023af",
        "type": "github"
      },
      "original": {
        "owner": "spotdemo4",
        "repo": "systems",
        "type": "github"
      }
    },
    "template": {
      "inputs": {
        "nixpkgs": [
          "nixpkgs"
        ],
        "systems": [
          "systems"
        ],
        "trevpkgs": [
          "trevpkgs"
        ]
      },
      "locked": {
        "lastModified": 1790783499,
        "narHash": "sha256-We7TTDXUVIz8NS+jsSUXZZ4gwnVshRdJrZsCg35ZcjE=",
        "owner": "spotdemo4",
        "repo": "template",
        "rev": "81fcc3c53fa09eb3926c7f9321b3214892fbae44",
        "type": "github"
      },
      "original": {
        "owner": "spotdemo4",
        "repo": "template",
        "rev": "81fcc3c53fa09eb3926c7f9321b3214892fbae44",
        "type": "github"
      }
    },
    "trevpkgs": {
      "inputs": {
        "nixpkgs": [
          "nixpkgs"
        ],
        "schema": "schema",
        "systems": [
          "systems"
        ]
      },
      "locked": {
        "lastModified": 1790432042,
        "narHash": "sha256-PNAcNcxxULVhlqkRakesmeBFT+I6gHCF51iqLOLKBVg=",
        "owner": "spotdemo4",
        "repo": "trevpkgs",
        "rev": "7c6b31d9d99fbbea6f18d5495e48c46cb127ca04",
        "type": "github"
      },
      "original": {
        "owner": "spotdemo4",
        "repo": "trevpkgs",
        "type": "github"
      }
    },
    "zig-template": {
      "inputs": {
        "nixpkgs": [
          "nixpkgs"
        ],
        "systems": [
          "systems"
        ],
        "trevpkgs": [
          "trevpkgs"
        ]
      },
      "locked": {
        "lastModified": 1791108282,
        "narHash": "sha256-yZmi2Ulz1akfWk3/NvrAJGaoJm3m1oN+LxBh27ZnF7Q=",
        "owner": "spotdemo4",
        "repo": "zig-template",
        "rev": "8e65823c448a9d34ca4df729d4ba8ac68958146f",
        "type": "github"
      },
      "original": {
        "owner": "spotdemo4",
        "repo": "zig-template",
        "rev": "8e65823c448a9d34ca4df729d4ba8ac68958146f",
        "type": "github"
      }
    }
  },
  "root": "root",
  "version": 7
}
