{
  "nodes": {
    "gleam-template": {
      "inputs": {
        "nixpkgs": [
          "nixpkgs"
        ],
        "systems": [
          "systems"
        ],
        "trev": [
          "trev"
        ]
      },
      "locked": {
        "lastModified": 1777023065,
        "narHash": "sha256-BSJ7FRYcwRaqB3orFaApT79fVr4ICPPMpveEaXRvSaY=",
        "owner": "spotdemo4",
        "repo": "gleam-template",
        "rev": "4804b2a91e20be1b5edff16b77e2e4bb24149c61",
        "type": "github"
      },
      "original": {
        "owner": "spotdemo4",
        "repo": "gleam-template",
        "rev": "4804b2a91e20be1b5edff16b77e2e4bb24149c61",
        "type": "github"
      }
    },
    "go-template": {
      "inputs": {
        "nixpkgs": [
          "nixpkgs"
        ],
        "systems": [
          "systems"
        ],
        "trev": [
          "trev"
        ]
      },
      "locked": {
        "lastModified": 1776678405,
        "narHash": "sha256-jxHYkjzVDvTnAX66VlC8oJLnl9g4Fv7kGZ40T3j7S6k=",
        "owner": "spotdemo4",
        "repo": "go-template",
        "rev": "3daffb71227e616cc45a4cba16d6165944a61864",
        "type": "github"
      },
      "original": {
        "owner": "spotdemo4",
        "repo": "go-template",
        "rev": "3daffb71227e616cc45a4cba16d6165944a61864",
        "type": "github"
      }
    },
    "nixpkgs": {
      "locked": {
        "lastModified": 1776329215,
        "narHash": "sha256-a8BYi3mzoJ/AcJP8UldOx8emoPRLeWqALZWu4ZvjPXw=",
        "owner": "nixos",
        "repo": "nixpkgs",
        "rev": "b86751bc4085f48661017fa226dee99fab6c651b",
        "type": "github"
      },
      "original": {
        "owner": "nixos",
        "ref": "nixpkgs-unstable",
        "repo": "nixpkgs",
        "type": "github"
      }
    },
    "node-template": {
      "inputs": {
        "nixpkgs": [
          "nixpkgs"
        ],
        "systems": [
          "systems"
        ],
        "trev": [
          "trev"
        ]
      },
      "locked": {
        "lastModified": 1776937147,
        "narHash": "sha256-JO+fZPUf6wXS2rMuCuLK7R5LKnAFIs5jsbpwG6vWN2E=",
        "owner": "spotdemo4",
        "repo": "node-template",
        "rev": "326e8d4c90cadfde5019c67411b010b56b7b20bc",
        "type": "github"
      },
      "original": {
        "owner": "spotdemo4",
        "repo": "node-template",
        "rev": "326e8d4c90cadfde5019c67411b010b56b7b20bc",
        "type": "github"
      }
    },
    "python-template": {
      "inputs": {
        "nixpkgs": [
          "nixpkgs"
        ],
        "systems": [
          "systems"
        ],
        "trev": [
          "trev"
        ]
      },
      "locked": {
        "lastModified": 1776764436,
        "narHash": "sha256-RxAe2mx2y8e28kPKEdgMDqsVlA03cP4SFGyP9tqRae4=",
        "owner": "spotdemo4",
        "repo": "python-template",
        "rev": "e1264422b6f08410b446dbd65f7e587357416e6d",
        "type": "github"
      },
      "original": {
        "owner": "spotdemo4",
        "repo": "python-template",
        "rev": "e1264422b6f08410b446dbd65f7e587357416e6d",
        "type": "github"
      }
    },
    "root": {
      "inputs": {
        "gleam-template": "gleam-template",
        "go-template": "go-template",
        "nixpkgs": "nixpkgs",
        "node-template": "node-template",
        "python-template": "python-template",
        "rust-template": "rust-template",
        "svelte-template": "svelte-template",
        "systems": "systems",
        "template": "template",
        "trev": "trev",
        "zig-template": "zig-template"
      }
    },
    "rust-template": {
      "inputs": {
        "nixpkgs": [
          "nixpkgs"
        ],
        "systems": [
          "systems"
        ],
        "trev": [
          "trev"
        ]
      },
      "locked": {
        "lastModified": 1777023078,
        "narHash": "sha256-D8sHZCnJKqe8RyImKXgutc+LPrZCRVeCUzGCspzxs9w=",
        "owner": "spotdemo4",
        "repo": "rust-template",
        "rev": "9826943d34c2ab1cb624c77907a54447d43d7e03",
        "type": "github"
      },
      "original": {
        "owner": "spotdemo4",
        "repo": "rust-template",
        "rev": "9826943d34c2ab1cb624c77907a54447d43d7e03",
        "type": "github"
      }
    },
    "schema": {
      "locked": {
        "lastModified": 1775244557,
        "narHash": "sha256-iYXRXIX9eafJmwJFAhqT3YxvvpNRuPFSLRCSpvGh8Ic=",
        "owner": "DeterminateSystems",
        "repo": "flake-schemas",
        "rev": "15edbeeaf77e42216dbcba8bfd907fdeabb75a2b",
        "type": "github"
      },
      "original": {
        "owner": "DeterminateSystems",
        "repo": "flake-schemas",
        "type": "github"
      }
    },
    "svelte-template": {
      "inputs": {
        "nixpkgs": [
          "nixpkgs"
        ],
        "systems": [
          "systems"
        ],
        "trev": [
          "trev"
        ]
      },
      "locked": {
        "lastModified": 1776937047,
        "narHash": "sha256-vfaU+VPqiyRNkdnr4xbDn4W+p3eqIT7qJkNPzs5yuao=",
        "owner": "spotdemo4",
        "repo": "svelte-template",
        "rev": "17f7524700ce610302b34b4b5230a3fe3810c975",
        "type": "github"
      },
      "original": {
        "owner": "spotdemo4",
        "repo": "svelte-template",
        "rev": "17f7524700ce610302b34b4b5230a3fe3810c975",
        "type": "github"
      }
    },
    "systems": {
      "locked": {
        "lastModified": 1774907047,
        "narHash": "sha256-dhGYA99iXafW9QblBWbh5mggjbdJt0SZO8vzuL0XvKo=",
        "owner": "spotdemo4",
        "repo": "systems",
        "rev": "7759b373a7b0119835939988964a9b49bc3023af",
        "type": "github"
      },
      "original": {
        "owner": "spotdemo4",
        "repo": "systems",
        "type": "github"
      }
    },
    "template": {
      "inputs": {
        "nixpkgs": [
          "nixpkgs"
        ],
        "systems": [
          "systems"
        ],
        "trev": [
          "trev"
        ]
      },
      "locked": {
        "lastModified": 1776686889,
        "narHash": "sha256-KGdmfPGRssJ5z0vsnZpTnQ3sAAQzv+poLnmVgXAGL8g=",
        "owner": "spotdemo4",
        "repo": "template",
        "rev": "9532a47d22712ec465dbd7c22b51004c7ff8ceb7",
        "type": "github"
      },
      "original": {
        "owner": "spotdemo4",
        "repo": "template",
        "rev": "9532a47d22712ec465dbd7c22b51004c7ff8ceb7",
        "type": "github"
      }
    },
    "trev": {
      "inputs": {
        "nixpkgs": [
          "nixpkgs"
        ],
        "schema": "schema",
        "systems": [
          "systems"
        ]
      },
      "locked": {
        "lastModified": 1776473954,
        "narHash": "sha256-tpzmpNso9AxBvnDb/Vij1bEamIEz4HGsimA8nmhQYC8=",
        "owner": "spotdemo4",
        "repo": "nur",
        "rev": "6e5eae3b04abfd6771a6539cd5a10ba998c79480",
        "type": "github"
      },
      "original": {
        "owner": "spotdemo4",
        "repo": "nur",
        "type": "github"
      }
    },
    "zig-template": {
      "inputs": {
        "nixpkgs": [
          "nixpkgs"
        ],
        "systems": [
          "systems"
        ],
        "trev": [
          "trev"
        ]
      },
      "locked": {
        "lastModified": 1776686817,
        "narHash": "sha256-WG68hAvk73ICVfm5bodoyqtVlpbj7GPYmNOB30pgYPk=",
        "owner": "spotdemo4",
        "repo": "zig-template",
        "rev": "9e55013535155cd87100f830857af2dfbfe7cbde",
        "type": "github"
      },
      "original": {
        "owner": "spotdemo4",
        "repo": "zig-template",
        "rev": "9e55013535155cd87100f830857af2dfbfe7cbde",
        "type": "github"
      }
    }
  },
  "root": "root",
  "version": 7
}
