{
  "nodes": {
    "gleam-template": {
      "inputs": {
        "nixpkgs": [
          "nixpkgs"
        ],
        "systems": [
          "systems"
        ],
        "trev": [
          "trev"
        ]
      },
      "locked": {
        "lastModified": 1778060694,
        "narHash": "sha256-XOooqy/ydEajVkxznHFzN9nExvRkICZHYeQU2KsFATw=",
        "owner": "spotdemo4",
        "repo": "gleam-template",
        "rev": "519d5c30fd27551c69a99f3198db9750c75692bf",
        "type": "github"
      },
      "original": {
        "owner": "spotdemo4",
        "repo": "gleam-template",
        "rev": "519d5c30fd27551c69a99f3198db9750c75692bf",
        "type": "github"
      }
    },
    "go-template": {
      "inputs": {
        "nixpkgs": [
          "nixpkgs"
        ],
        "systems": [
          "systems"
        ],
        "trev": [
          "trev"
        ]
      },
      "locked": {
        "lastModified": 1777800886,
        "narHash": "sha256-mCQDmT3wY0qnttQB7nHCECm+Eu9lwouwNypofd/J51M=",
        "owner": "spotdemo4",
        "repo": "go-template",
        "rev": "9c2c1991ab3fb6070800695aeec9bf4a490d40c3",
        "type": "github"
      },
      "original": {
        "owner": "spotdemo4",
        "repo": "go-template",
        "rev": "9c2c1991ab3fb6070800695aeec9bf4a490d40c3",
        "type": "github"
      }
    },
    "nixpkgs": {
      "locked": {
        "lastModified": 1777641297,
        "narHash": "sha256-WNGcmeOZ8Tr9dq6ztCspYbzWFswr2mPebM9LpsfGxPk=",
        "owner": "nixos",
        "repo": "nixpkgs",
        "rev": "c6d65881c5624c9cae5ea6cedef24699b0c0a4c0",
        "type": "github"
      },
      "original": {
        "owner": "nixos",
        "ref": "nixpkgs-unstable",
        "repo": "nixpkgs",
        "type": "github"
      }
    },
    "node-template": {
      "inputs": {
        "nixpkgs": [
          "nixpkgs"
        ],
        "systems": [
          "systems"
        ],
        "trevpkgs": "trevpkgs"
      },
      "locked": {
        "lastModified": 1777800881,
        "narHash": "sha256-Gpk6rg7csK4eodnTxDOR3rs3d0oMMTUu7hGFYSlRy2c=",
        "owner": "spotdemo4",
        "repo": "node-template",
        "rev": "dd6768aa526597a990b48dfd8eaa5f456568938e",
        "type": "github"
      },
      "original": {
        "owner": "spotdemo4",
        "repo": "node-template",
        "rev": "dd6768aa526597a990b48dfd8eaa5f456568938e",
        "type": "github"
      }
    },
    "python-template": {
      "inputs": {
        "nixpkgs": [
          "nixpkgs"
        ],
        "systems": [
          "systems"
        ],
        "trev": [
          "trev"
        ]
      },
      "locked": {
        "lastModified": 1777801290,
        "narHash": "sha256-J4HuP23+Ovewtfqxul/fwSvjr+kftjlGPfuRp526rmw=",
        "owner": "spotdemo4",
        "repo": "python-template",
        "rev": "0388369510893ca587d556f873b8cf6325d18376",
        "type": "github"
      },
      "original": {
        "owner": "spotdemo4",
        "repo": "python-template",
        "rev": "0388369510893ca587d556f873b8cf6325d18376",
        "type": "github"
      }
    },
    "root": {
      "inputs": {
        "gleam-template": "gleam-template",
        "go-template": "go-template",
        "nixpkgs": "nixpkgs",
        "node-template": "node-template",
        "python-template": "python-template",
        "rust-template": "rust-template",
        "svelte-template": "svelte-template",
        "systems": "systems",
        "template": "template",
        "trev": "trev",
        "zig-template": "zig-template"
      }
    },
    "rust-template": {
      "inputs": {
        "nixpkgs": [
          "nixpkgs"
        ],
        "systems": [
          "systems"
        ],
        "trev": [
          "trev"
        ]
      },
      "locked": {
        "lastModified": 1778060709,
        "narHash": "sha256-tJ4MB+AWZaAkCXZMS7Ysn8w/MwUXyYus0N68sgir6KI=",
        "owner": "spotdemo4",
        "repo": "rust-template",
        "rev": "a9733d171f8e93088576afa54ae6e447d0050368",
        "type": "github"
      },
      "original": {
        "owner": "spotdemo4",
        "repo": "rust-template",
        "rev": "a9733d171f8e93088576afa54ae6e447d0050368",
        "type": "github"
      }
    },
    "schema": {
      "locked": {
        "lastModified": 1776384880,
        "narHash": "sha256-28Cg9HI/IwFHUm5fZyMEGCQ94L3Il6K4OfHeRf0b+Zw=",
        "owner": "DeterminateSystems",
        "repo": "flake-schemas",
        "rev": "b852751d29c6e09919f25c1e10754646bdc181c9",
        "type": "github"
      },
      "original": {
        "owner": "DeterminateSystems",
        "repo": "flake-schemas",
        "type": "github"
      }
    },
    "schema_2": {
      "locked": {
        "lastModified": 1776384880,
        "narHash": "sha256-28Cg9HI/IwFHUm5fZyMEGCQ94L3Il6K4OfHeRf0b+Zw=",
        "owner": "DeterminateSystems",
        "repo": "flake-schemas",
        "rev": "b852751d29c6e09919f25c1e10754646bdc181c9",
        "type": "github"
      },
      "original": {
        "owner": "DeterminateSystems",
        "repo": "flake-schemas",
        "type": "github"
      }
    },
    "svelte-template": {
      "inputs": {
        "nixpkgs": [
          "nixpkgs"
        ],
        "systems": [
          "systems"
        ],
        "trev": [
          "trev"
        ]
      },
      "locked": {
        "lastModified": 1778061043,
        "narHash": "sha256-YBASZlDPOTkd3uGS8xP8ikltvjYV5T3Gj7E/EqtAwq0=",
        "owner": "spotdemo4",
        "repo": "svelte-template",
        "rev": "daa3eed5de0b78c4f36cebf19a07616c086e51b5",
        "type": "github"
      },
      "original": {
        "owner": "spotdemo4",
        "repo": "svelte-template",
        "rev": "daa3eed5de0b78c4f36cebf19a07616c086e51b5",
        "type": "github"
      }
    },
    "systems": {
      "locked": {
        "lastModified": 1774907047,
        "narHash": "sha256-dhGYA99iXafW9QblBWbh5mggjbdJt0SZO8vzuL0XvKo=",
        "owner": "spotdemo4",
        "repo": "systems",
        "rev": "7759b373a7b0119835939988964a9b49bc3023af",
        "type": "github"
      },
      "original": {
        "owner": "spotdemo4",
        "repo": "systems",
        "type": "github"
      }
    },
    "template": {
      "inputs": {
        "nixpkgs": [
          "nixpkgs"
        ],
        "systems": [
          "systems"
        ],
        "trev": [
          "trev"
        ]
      },
      "locked": {
        "lastModified": 1777801296,
        "narHash": "sha256-QPCUqBJ5c/bbSu6l9AiCCLS0LIwsigJ/c59tv1UqEu8=",
        "owner": "spotdemo4",
        "repo": "template",
        "rev": "4bb3ac1f9c4c93b0736de3155dc28084f9731fbd",
        "type": "github"
      },
      "original": {
        "owner": "spotdemo4",
        "repo": "template",
        "rev": "4bb3ac1f9c4c93b0736de3155dc28084f9731fbd",
        "type": "github"
      }
    },
    "trev": {
      "inputs": {
        "nixpkgs": [
          "nixpkgs"
        ],
        "schema": "schema_2",
        "systems": [
          "systems"
        ]
      },
      "locked": {
        "lastModified": 1777715302,
        "narHash": "sha256-n49llOndz6MJC+7Xgel2nUXs1HXbInC2vdBeseeQHno=",
        "owner": "spotdemo4",
        "repo": "nur",
        "rev": "8d27f7c901b1d61d48ba869264f5cc0c7763e5f2",
        "type": "github"
      },
      "original": {
        "owner": "spotdemo4",
        "repo": "nur",
        "type": "github"
      }
    },
    "trevpkgs": {
      "inputs": {
        "nixpkgs": [
          "node-template",
          "nixpkgs"
        ],
        "schema": "schema",
        "systems": [
          "node-template",
          "systems"
        ]
      },
      "locked": {
        "lastModified": 1777715302,
        "narHash": "sha256-n49llOndz6MJC+7Xgel2nUXs1HXbInC2vdBeseeQHno=",
        "owner": "spotdemo4",
        "repo": "trevpkgs",
        "rev": "8d27f7c901b1d61d48ba869264f5cc0c7763e5f2",
        "type": "github"
      },
      "original": {
        "owner": "spotdemo4",
        "repo": "trevpkgs",
        "type": "github"
      }
    },
    "zig-template": {
      "inputs": {
        "nixpkgs": [
          "nixpkgs"
        ],
        "systems": [
          "systems"
        ],
        "trev": [
          "trev"
        ]
      },
      "locked": {
        "lastModified": 1777800882,
        "narHash": "sha256-ZzD7hYHcacNL2U2PCp2Hp7HeZl0Fg8hHgou8UOhEfcI=",
        "owner": "spotdemo4",
        "repo": "zig-template",
        "rev": "88e9539c13261c801f72c5516c91d52f5825d3ce",
        "type": "github"
      },
      "original": {
        "owner": "spotdemo4",
        "repo": "zig-template",
        "rev": "88e9539c13261c801f72c5516c91d52f5825d3ce",
        "type": "github"
      }
    }
  },
  "root": "root",
  "version": 7
}
